{
  "pins" : [
    {
      "identity" : "default",
      "kind" : "remoteSourceControl",
      "location" : "https://github.com/moriturus/Default.git",
      "state" : {
        "revision" : "247998ef07081552397e8c192572bcda5071a517",
        "version" : "1.1.2"
      }
    },
    {
      "identity" : "storedin",
      "kind" : "remoteSourceControl",
      "location" : "https://github.com/moriturus/StoredIn.git",
      "state" : {
        "revision" : "5586411f562f07feb2c67cc3dd42276b776ec2eb",
        "version" : "1.1.0"
      }
    }
  ],
  "version" : 2
}
